// !$*UTF8*$!
{
	archiveVersion = 1;
	classes = {
	};
	objectVersion = 50;
	objects = {

/* Begin PBXBuildFile section */
		BD208D4E26342F8300D28742 /* MyProfileTableViewCell.swift in Sources */ = {isa = PBXBuildFile; fileRef = BD208D4D26342F8300D28742 /* MyProfileTableViewCell.swift */; };
		BD208D5126342F8F00D28742 /* FriendProfileTableViewCell.swift in Sources */ = {isa = PBXBuildFile; fileRef = BD208D5026342F8F00D28742 /* FriendProfileTableViewCell.swift */; };
		BD208D5526345E5F00D28742 /* FriendDataModel.swift in Sources */ = {isa = PBXBuildFile; fileRef = BD208D5426345E5F00D28742 /* FriendDataModel.swift */; };
		BD208D5A26346D8E00D28742 /* DetailViewController.swift in Sources */ = {isa = PBXBuildFile; fileRef = BD208D5926346D8E00D28742 /* DetailViewController.swift */; };
		BD208D5F26346DF400D28742 /* DetailMenuCollectionViewCell.swift in Sources */ = {isa = PBXBuildFile; fileRef = BD208D5E26346DF400D28742 /* DetailMenuCollectionViewCell.swift */; };
		BD208D632634718A00D28742 /* DetailMenuDataModel.swift in Sources */ = {isa = PBXBuildFile; fileRef = BD208D622634718A00D28742 /* DetailMenuDataModel.swift */; };
		BD35E74226189DE500AA7796 /* AppDelegate.swift in Sources */ = {isa = PBXBuildFile; fileRef = BD35E74126189DE500AA7796 /* AppDelegate.swift */; };
		BD35E74426189DE500AA7796 /* SceneDelegate.swift in Sources */ = {isa = PBXBuildFile; fileRef = BD35E74326189DE500AA7796 /* SceneDelegate.swift */; };
		BD35E74926189DE500AA7796 /* Main.storyboard in Resources */ = {isa = PBXBuildFile; fileRef = BD35E74726189DE500AA7796 /* Main.storyboard */; };
		BD35E74B26189DE600AA7796 /* Assets.xcassets in Resources */ = {isa = PBXBuildFile; fileRef = BD35E74A26189DE600AA7796 /* Assets.xcassets */; };
		BD35E74E26189DE600AA7796 /* LaunchScreen.storyboard in Resources */ = {isa = PBXBuildFile; fileRef = BD35E74C26189DE600AA7796 /* LaunchScreen.storyboard */; };
		BD35E75726189E1B00AA7796 /* LoginViewController.swift in Sources */ = {isa = PBXBuildFile; fileRef = BD35E75626189E1B00AA7796 /* LoginViewController.swift */; };
		BD35E75A26189E5800AA7796 /* SignUpViewController.swift in Sources */ = {isa = PBXBuildFile; fileRef = BD35E75926189E5800AA7796 /* SignUpViewController.swift */; };
		BD35E75E26189E6C00AA7796 /* ConfirmViewController.swift in Sources */ = {isa = PBXBuildFile; fileRef = BD35E75D26189E6C00AA7796 /* ConfirmViewController.swift */; };
		BD6E7144262314FB005A4186 /* HomeStoryboard.storyboard in Resources */ = {isa = PBXBuildFile; fileRef = BD6E7143262314FB005A4186 /* HomeStoryboard.storyboard */; };
		BD6E7150262321D2005A4186 /* ProfileStoryboard.storyboard in Resources */ = {isa = PBXBuildFile; fileRef = BD6E714F262321D2005A4186 /* ProfileStoryboard.storyboard */; };
		BD6E7153262321DE005A4186 /* ProfileViewController.swift in Sources */ = {isa = PBXBuildFile; fileRef = BD6E7152262321DE005A4186 /* ProfileViewController.swift */; };
		BD6E71562623275D005A4186 /* FriendViewController.swift in Sources */ = {isa = PBXBuildFile; fileRef = BD6E71552623275D005A4186 /* FriendViewController.swift */; };
/* End PBXBuildFile section */

/* Begin PBXFileReference section */
		BD208D4D26342F8300D28742 /* MyProfileTableViewCell.swift */ = {isa = PBXFileReference; lastKnownFileType = sourcecode.swift; path = MyProfileTableViewCell.swift; sourceTree = "<group>"; };
		BD208D5026342F8F00D28742 /* FriendProfileTableViewCell.swift */ = {isa = PBXFileReference; lastKnownFileType = sourcecode.swift; path = FriendProfileTableViewCell.swift; sourceTree = "<group>"; };
		BD208D5426345E5F00D28742 /* FriendDataModel.swift */ = {isa = PBXFileReference; lastKnownFileType = sourcecode.swift; path = FriendDataModel.swift; sourceTree = "<group>"; };
		BD208D5926346D8E00D28742 /* DetailViewController.swift */ = {isa = PBXFileReference; lastKnownFileType = sourcecode.swift; path = DetailViewController.swift; sourceTree = "<group>"; };
		BD208D5E26346DF400D28742 /* DetailMenuCollectionViewCell.swift */ = {isa = PBXFileReference; lastKnownFileType = sourcecode.swift; path = DetailMenuCollectionViewCell.swift; sourceTree = "<group>"; };
		BD208D622634718A00D28742 /* DetailMenuDataModel.swift */ = {isa = PBXFileReference; lastKnownFileType = sourcecode.swift; path = DetailMenuDataModel.swift; sourceTree = "<group>"; };
		BD35E73E26189DE500AA7796 /* Sopt28th-iOS-Assignment1.app */ = {isa = PBXFileReference; explicitFileType = wrapper.application; includeInIndex = 0; path = "Sopt28th-iOS-Assignment1.app"; sourceTree = BUILT_PRODUCTS_DIR; };
		BD35E74126189DE500AA7796 /* AppDelegate.swift */ = {isa = PBXFileReference; lastKnownFileType = sourcecode.swift; path = AppDelegate.swift; sourceTree = "<group>"; };
		BD35E74326189DE500AA7796 /* SceneDelegate.swift */ = {isa = PBXFileReference; lastKnownFileType = sourcecode.swift; path = SceneDelegate.swift; sourceTree = "<group>"; };
		BD35E74826189DE500AA7796 /* Base */ = {isa = PBXFileReference; lastKnownFileType = file.storyboard; name = Base; path = Base.lproj/Main.storyboard; sourceTree = "<group>"; };
		BD35E74A26189DE600AA7796 /* Assets.xcassets */ = {isa = PBXFileReference; lastKnownFileType = folder.assetcatalog; path = Assets.xcassets; sourceTree = "<group>"; };
		BD35E74D26189DE600AA7796 /* Base */ = {isa = PBXFileReference; lastKnownFileType = file.storyboard; name = Base; path = Base.lproj/LaunchScreen.storyboard; sourceTree = "<group>"; };
		BD35E74F26189DE600AA7796 /* Info.plist */ = {isa = PBXFileReference; lastKnownFileType = text.plist.xml; path = Info.plist; sourceTree = "<group>"; };
		BD35E75626189E1B00AA7796 /* LoginViewController.swift */ = {isa = PBXFileReference; lastKnownFileType = sourcecode.swift; path = LoginViewController.swift; sourceTree = "<group>"; };
		BD35E75926189E5800AA7796 /* SignUpViewController.swift */ = {isa = PBXFileReference; lastKnownFileType = sourcecode.swift; path = SignUpViewController.swift; sourceTree = "<group>"; };
		BD35E75D26189E6C00AA7796 /* ConfirmViewController.swift */ = {isa = PBXFileReference; lastKnownFileType = sourcecode.swift; path = ConfirmViewController.swift; sourceTree = "<group>"; };
		BD6E7143262314FB005A4186 /* HomeStoryboard.storyboard */ = {isa = PBXFileReference; lastKnownFileType = file.storyboard; path = HomeStoryboard.storyboard; sourceTree = "<group>"; };
		BD6E714F262321D2005A4186 /* ProfileStoryboard.storyboard */ = {isa = PBXFileReference; lastKnownFileType = file.storyboard; path = ProfileStoryboard.storyboard; sourceTree = "<group>"; };
		BD6E7152262321DE005A4186 /* ProfileViewController.swift */ = {isa = PBXFileReference; lastKnownFileType = sourcecode.swift; path = ProfileViewController.swift; sourceTree = "<group>"; };
		BD6E71552623275D005A4186 /* FriendViewController.swift */ = {isa = PBXFileReference; lastKnownFileType = sourcecode.swift; path = FriendViewController.swift; sourceTree = "<group>"; };
/* End PBXFileReference section */

/* Begin PBXFrameworksBuildPhase section */
		BD35E73B26189DE500AA7796 /* Frameworks */ = {
			isa = PBXFrameworksBuildPhase;
			buildActionMask = 2147483647;
			files = (
			);
			runOnlyForDeploymentPostprocessing = 0;
		};
/* End PBXFrameworksBuildPhase section */

/* Begin PBXGroup section */
		BD208D4B26342F3A00D28742 /* Friend */ = {
			isa = PBXGroup;
			children = (
				BD208D5326345E5000D28742 /* Model */,
				BD208D4C26342F4500D28742 /* Cell */,
				BD6E71552623275D005A4186 /* FriendViewController.swift */,
			);
			path = Friend;
			sourceTree = "<group>";
		};
		BD208D4C26342F4500D28742 /* Cell */ = {
			isa = PBXGroup;
			children = (
				BD208D4D26342F8300D28742 /* MyProfileTableViewCell.swift */,
				BD208D5026342F8F00D28742 /* FriendProfileTableViewCell.swift */,
			);
			path = Cell;
			sourceTree = "<group>";
		};
		BD208D5326345E5000D28742 /* Model */ = {
			isa = PBXGroup;
			children = (
				BD208D5426345E5F00D28742 /* FriendDataModel.swift */,
			);
			path = Model;
			sourceTree = "<group>";
		};
		BD208D5826346D7900D28742 /* Detail */ = {
			isa = PBXGroup;
			children = (
				BD208D612634717900D28742 /* Model */,
				BD208D5D26346DCE00D28742 /* Cell */,
				BD208D5926346D8E00D28742 /* DetailViewController.swift */,
			);
			path = Detail;
			sourceTree = "<group>";
		};
		BD208D5D26346DCE00D28742 /* Cell */ = {
			isa = PBXGroup;
			children = (
				BD208D5E26346DF400D28742 /* DetailMenuCollectionViewCell.swift */,
			);
			path = Cell;
			sourceTree = "<group>";
		};
		BD208D612634717900D28742 /* Model */ = {
			isa = PBXGroup;
			children = (
				BD208D622634718A00D28742 /* DetailMenuDataModel.swift */,
			);
			path = Model;
			sourceTree = "<group>";
		};
		BD35E73526189DE500AA7796 = {
			isa = PBXGroup;
			children = (
				BD35E74026189DE500AA7796 /* Sopt28th-KakaoTalk-Clone */,
				BD35E73F26189DE500AA7796 /* Products */,
			);
			sourceTree = "<group>";
		};
		BD35E73F26189DE500AA7796 /* Products */ = {
			isa = PBXGroup;
			children = (
				BD35E73E26189DE500AA7796 /* Sopt28th-iOS-Assignment1.app */,
			);
			name = Products;
			sourceTree = "<group>";
		};
		BD35E74026189DE500AA7796 /* Sopt28th-KakaoTalk-Clone */ = {
			isa = PBXGroup;
			children = (
				BD35E74126189DE500AA7796 /* AppDelegate.swift */,
				BD35E74326189DE500AA7796 /* SceneDelegate.swift */,
				BD35E74726189DE500AA7796 /* Main.storyboard */,
				BD35E74C26189DE600AA7796 /* LaunchScreen.storyboard */,
				BD6E71472623150A005A4186 /* ViewControllers */,
				BD6E714926231527005A4186 /* Storyboards */,
				BD35E74A26189DE600AA7796 /* Assets.xcassets */,
				BD35E74F26189DE600AA7796 /* Info.plist */,
			);
			path = "Sopt28th-KakaoTalk-Clone";
			sourceTree = "<group>";
		};
		BD6E71472623150A005A4186 /* ViewControllers */ = {
			isa = PBXGroup;
			children = (
				BD208D4B26342F3A00D28742 /* Friend */,
				BD208D5826346D7900D28742 /* Detail */,
				BD35E75626189E1B00AA7796 /* LoginViewController.swift */,
				BD35E75926189E5800AA7796 /* SignUpViewController.swift */,
				BD35E75D26189E6C00AA7796 /* ConfirmViewController.swift */,
				BD6E7152262321DE005A4186 /* ProfileViewController.swift */,
			);
			path = ViewControllers;
			sourceTree = "<group>";
		};
		BD6E714926231527005A4186 /* Storyboards */ = {
			isa = PBXGroup;
			children = (
				BD6E7143262314FB005A4186 /* HomeStoryboard.storyboard */,
				BD6E714F262321D2005A4186 /* ProfileStoryboard.storyboard */,
			);
			path = Storyboards;
			sourceTree = "<group>";
		};
/* End PBXGroup section */

/* Begin PBXNativeTarget section */
		BD35E73D26189DE500AA7796 /* Sopt28th-iOS-Assignment1 */ = {
			isa = PBXNativeTarget;
			buildConfigurationList = BD35E75226189DE600AA7796 /* Build configuration list for PBXNativeTarget "Sopt28th-iOS-Assignment1" */;
			buildPhases = (
				BD35E73A26189DE500AA7796 /* Sources */,
				BD35E73B26189DE500AA7796 /* Frameworks */,
				BD35E73C26189DE500AA7796 /* Resources */,
			);
			buildRules = (
			);
			dependencies = (
			);
			name = "Sopt28th-iOS-Assignment1";
			productName = "Sopt28th-iOS-Assignment1";
			productReference = BD35E73E26189DE500AA7796 /* Sopt28th-iOS-Assignment1.app */;
			productType = "com.apple.product-type.application";
		};
/* End PBXNativeTarget section */

/* Begin PBXProject section */
		BD35E73626189DE500AA7796 /* Project object */ = {
			isa = PBXProject;
			attributes = {
				LastSwiftUpdateCheck = 1240;
				LastUpgradeCheck = 1240;
				TargetAttributes = {
					BD35E73D26189DE500AA7796 = {
						CreatedOnToolsVersion = 12.4;
					};
				};
			};
			buildConfigurationList = BD35E73926189DE500AA7796 /* Build configuration list for PBXProject "Sopt28th-KakaoTalk-Clone" */;
			compatibilityVersion = "Xcode 9.3";
			developmentRegion = en;
			hasScannedForEncodings = 0;
			knownRegions = (
				en,
				Base,
			);
			mainGroup = BD35E73526189DE500AA7796;
			productRefGroup = BD35E73F26189DE500AA7796 /* Products */;
			projectDirPath = "";
			projectRoot = "";
			targets = (
				BD35E73D26189DE500AA7796 /* Sopt28th-iOS-Assignment1 */,
			);
		};
/* End PBXProject section */

/* Begin PBXResourcesBuildPhase section */
		BD35E73C26189DE500AA7796 /* Resources */ = {
			isa = PBXResourcesBuildPhase;
			buildActionMask = 2147483647;
			files = (
				BD35E74E26189DE600AA7796 /* LaunchScreen.storyboard in Resources */,
				BD35E74B26189DE600AA7796 /* Assets.xcassets in Resources */,
				BD6E7144262314FB005A4186 /* HomeStoryboard.storyboard in Resources */,
				BD35E74926189DE500AA7796 /* Main.storyboard in Resources */,
				BD6E7150262321D2005A4186 /* ProfileStoryboard.storyboard in Resources */,
			);
			runOnlyForDeploymentPostprocessing = 0;
		};
/* End PBXResourcesBuildPhase section */

/* Begin PBXSourcesBuildPhase section */
		BD35E73A26189DE500AA7796 /* Sources */ = {
			isa = PBXSourcesBuildPhase;
			buildActionMask = 2147483647;
			files = (
				BD208D5A26346D8E00D28742 /* DetailViewController.swift in Sources */,
				BD6E7153262321DE005A4186 /* ProfileViewController.swift in Sources */,
				BD208D4E26342F8300D28742 /* MyProfileTableViewCell.swift in Sources */,
				BD35E75726189E1B00AA7796 /* LoginViewController.swift in Sources */,
				BD35E74226189DE500AA7796 /* AppDelegate.swift in Sources */,
				BD6E71562623275D005A4186 /* FriendViewController.swift in Sources */,
				BD35E75E26189E6C00AA7796 /* ConfirmViewController.swift in Sources */,
				BD35E74426189DE500AA7796 /* SceneDelegate.swift in Sources */,
				BD208D5F26346DF400D28742 /* DetailMenuCollectionViewCell.swift in Sources */,
				BD208D5526345E5F00D28742 /* FriendDataModel.swift in Sources */,
				BD35E75A26189E5800AA7796 /* SignUpViewController.swift in Sources */,
				BD208D5126342F8F00D28742 /* FriendProfileTableViewCell.swift in Sources */,
				BD208D632634718A00D28742 /* DetailMenuDataModel.swift in Sources */,
			);
			runOnlyForDeploymentPostprocessing = 0;
		};
/* End PBXSourcesBuildPhase section */

/* Begin PBXVariantGroup section */
		BD35E74726189DE500AA7796 /* Main.storyboard */ = {
			isa = PBXVariantGroup;
			children = (
				BD35E74826189DE500AA7796 /* Base */,
			);
			name = Main.storyboard;
			sourceTree = "<group>";
		};
		BD35E74C26189DE600AA7796 /* LaunchScreen.storyboard */ = {
			isa = PBXVariantGroup;
			children = (
				BD35E74D26189DE600AA7796 /* Base */,
			);
			name = LaunchScreen.storyboard;
			sourceTree = "<group>";
		};
/* End PBXVariantGroup section */

/* Begin XCBuildConfiguration section */
		BD35E75026189DE600AA7796 /* Debug */ = {
			isa = XCBuildConfiguration;
			buildSettings = {
				ALWAYS_SEARCH_USER_PATHS = NO;
				CLANG_ANALYZER_NONNULL = YES;
				CLANG_ANALYZER_NUMBER_OBJECT_CONVERSION = YES_AGGRESSIVE;
				CLANG_CXX_LANGUAGE_STANDARD = "gnu++14";
				CLANG_CXX_LIBRARY = "libc++";
				CLANG_ENABLE_MODULES = YES;
				CLANG_ENABLE_OBJC_ARC = YES;
				CLANG_ENABLE_OBJC_WEAK = YES;
				CLANG_WARN_BLOCK_CAPTURE_AUTORELEASING = YES;
				CLANG_WARN_BOOL_CONVERSION = YES;
				CLANG_WARN_COMMA = YES;
				CLANG_WARN_CONSTANT_CONVERSION = YES;
				CLANG_WARN_DEPRECATED_OBJC_IMPLEMENTATIONS = YES;
				CLANG_WARN_DIRECT_OBJC_ISA_USAGE = YES_ERROR;
				CLANG_WARN_DOCUMENTATION_COMMENTS = YES;
				CLANG_WARN_EMPTY_BODY = YES;
				CLANG_WARN_ENUM_CONVERSION = YES;
				CLANG_WARN_INFINITE_RECURSION = YES;
				CLANG_WARN_INT_CONVERSION = YES;
				CLANG_WARN_NON_LITERAL_NULL_CONVERSION = YES;
				CLANG_WARN_OBJC_IMPLICIT_RETAIN_SELF = YES;
				CLANG_WARN_OBJC_LITERAL_CONVERSION = YES;
				CLANG_WARN_OBJC_ROOT_CLASS = YES_ERROR;
				CLANG_WARN_QUOTED_INCLUDE_IN_FRAMEWORK_HEADER = YES;
				CLANG_WARN_RANGE_LOOP_ANALYSIS = YES;
				CLANG_WARN_STRICT_PROTOTYPES = YES;
				CLANG_WARN_SUSPICIOUS_MOVE = YES;
				CLANG_WARN_UNGUARDED_AVAILABILITY = YES_AGGRESSIVE;
				CLANG_WARN_UNREACHABLE_CODE = YES;
				CLANG_WARN__DUPLICATE_METHOD_MATCH = YES;
				COPY_PHASE_STRIP = NO;
				DEBUG_INFORMATION_FORMAT = dwarf;
				ENABLE_STRICT_OBJC_MSGSEND = YES;
				ENABLE_TESTABILITY = YES;
				GCC_C_LANGUAGE_STANDARD = gnu11;
				GCC_DYNAMIC_NO_PIC = NO;
				GCC_NO_COMMON_BLOCKS = YES;
				GCC_OPTIMIZATION_LEVEL = 0;
				GCC_PREPROCESSOR_DEFINITIONS = (
					"DEBUG=1",
					"$(inherited)",
				);
				GCC_WARN_64_TO_32_BIT_CONVERSION = YES;
				GCC_WARN_ABOUT_RETURN_TYPE = YES_ERROR;
				GCC_WARN_UNDECLARED_SELECTOR = YES;
				GCC_WARN_UNINITIALIZED_AUTOS = YES_AGGRESSIVE;
				GCC_WARN_UNUSED_FUNCTION = YES;
				GCC_WARN_UNUSED_VARIABLE = YES;
				IPHONEOS_DEPLOYMENT_TARGET = 14.4;
				MTL_ENABLE_DEBUG_INFO = INCLUDE_SOURCE;
				MTL_FAST_MATH = YES;
				ONLY_ACTIVE_ARCH = YES;
				SDKROOT = iphoneos;
				SWIFT_ACTIVE_COMPILATION_CONDITIONS = DEBUG;
				SWIFT_OPTIMIZATION_LEVEL = "-Onone";
			};
			name = Debug;
		};
		BD35E75126189DE600AA7796 /* Release */ = {
			isa = XCBuildConfiguration;
			buildSettings = {
				ALWAYS_SEARCH_USER_PATHS = NO;
				CLANG_ANALYZER_NONNULL = YES;
				CLANG_ANALYZER_NUMBER_OBJECT_CONVERSION = YES_AGGRESSIVE;
				CLANG_CXX_LANGUAGE_STANDARD = "gnu++14";
				CLANG_CXX_LIBRARY = "libc++";
				CLANG_ENABLE_MODULES = YES;
				CLANG_ENABLE_OBJC_ARC = YES;
				CLANG_ENABLE_OBJC_WEAK = YES;
				CLANG_WARN_BLOCK_CAPTURE_AUTORELEASING = YES;
				CLANG_WARN_BOOL_CONVERSION = YES;
				CLANG_WARN_COMMA = YES;
				CLANG_WARN_CONSTANT_CONVERSION = YES;
				CLANG_WARN_DEPRECATED_OBJC_IMPLEMENTATIONS = YES;
				CLANG_WARN_DIRECT_OBJC_ISA_USAGE = YES_ERROR;
				CLANG_WARN_DOCUMENTATION_COMMENTS = YES;
				CLANG_WARN_EMPTY_BODY = YES;
				CLANG_WARN_ENUM_CONVERSION = YES;
				CLANG_WARN_INFINITE_RECURSION = YES;
				CLANG_WARN_INT_CONVERSION = YES;
				CLANG_WARN_NON_LITERAL_NULL_CONVERSION = YES;
				CLANG_WARN_OBJC_IMPLICIT_RETAIN_SELF = YES;
				CLANG_WARN_OBJC_LITERAL_CONVERSION = YES;
				CLANG_WARN_OBJC_ROOT_CLASS = YES_ERROR;
				CLANG_WARN_QUOTED_INCLUDE_IN_FRAMEWORK_HEADER = YES;
				CLANG_WARN_RANGE_LOOP_ANALYSIS = YES;
				CLANG_WARN_STRICT_PROTOTYPES = YES;
				CLANG_WARN_SUSPICIOUS_MOVE = YES;
				CLANG_WARN_UNGUARDED_AVAILABILITY = YES_AGGRESSIVE;
				CLANG_WARN_UNREACHABLE_CODE = YES;
				CLANG_WARN__DUPLICATE_METHOD_MATCH = YES;
				COPY_PHASE_STRIP = NO;
				DEBUG_INFORMATION_FORMAT = "dwarf-with-dsym";
				ENABLE_NS_ASSERTIONS = NO;
				ENABLE_STRICT_OBJC_MSGSEND = YES;
				GCC_C_LANGUAGE_STANDARD = gnu11;
				GCC_NO_COMMON_BLOCKS = YES;
				GCC_WARN_64_TO_32_BIT_CONVERSION = YES;
				GCC_WARN_ABOUT_RETURN_TYPE = YES_ERROR;
				GCC_WARN_UNDECLARED_SELECTOR = YES;
				GCC_WARN_UNINITIALIZED_AUTOS = YES_AGGRESSIVE;
				GCC_WARN_UNUSED_FUNCTION = YES;
				GCC_WARN_UNUSED_VARIABLE = YES;
				IPHONEOS_DEPLOYMENT_TARGET = 14.4;
				MTL_ENABLE_DEBUG_INFO = NO;
				MTL_FAST_MATH = YES;
				SDKROOT = iphoneos;
				SWIFT_COMPILATION_MODE = wholemodule;
				SWIFT_OPTIMIZATION_LEVEL = "-O";
				VALIDATE_PRODUCT = YES;
			};
			name = Release;
		};
		BD35E75326189DE600AA7796 /* Debug */ = {
			isa = XCBuildConfiguration;
			buildSettings = {
				ASSETCATALOG_COMPILER_APPICON_NAME = AppIcon;
				ASSETCATALOG_COMPILER_GLOBAL_ACCENT_COLOR_NAME = AccentColor;
				CODE_SIGN_STYLE = Automatic;
				DEVELOPMENT_TEAM = W895YM7ZMH;
				INFOPLIST_FILE = "Sopt28th-KakaoTalk-Clone/Info.plist";
				IPHONEOS_DEPLOYMENT_TARGET = 13.0;
				LD_RUNPATH_SEARCH_PATHS = (
					"$(inherited)",
					"@executable_path/Frameworks",
				);
				PRODUCT_BUNDLE_IDENTIFIER = "dev.taekki.ios.Sopt28th-KakaoTalk-Clone";
				PRODUCT_NAME = "$(TARGET_NAME)";
				SWIFT_VERSION = 5.0;
				TARGETED_DEVICE_FAMILY = 1;
			};
			name = Debug;
		};
		BD35E75426189DE600AA7796 /* Release */ = {
			isa = XCBuildConfiguration;
			buildSettings = {
				ASSETCATALOG_COMPILER_APPICON_NAME = AppIcon;
				ASSETCATALOG_COMPILER_GLOBAL_ACCENT_COLOR_NAME = AccentColor;
				CODE_SIGN_STYLE = Automatic;
				DEVELOPMENT_TEAM = W895YM7ZMH;
				INFOPLIST_FILE = "Sopt28th-KakaoTalk-Clone/Info.plist";
				IPHONEOS_DEPLOYMENT_TARGET = 13.0;
				LD_RUNPATH_SEARCH_PATHS = (
					"$(inherited)",
					"@executable_path/Frameworks",
				);
				PRODUCT_BUNDLE_IDENTIFIER = "dev.taekki.ios.Sopt28th-KakaoTalk-Clone";
				PRODUCT_NAME = "$(TARGET_NAME)";
				SWIFT_VERSION = 5.0;
				TARGETED_DEVICE_FAMILY = 1;
			};
			name = Release;
		};
/* End XCBuildConfiguration section */

/* Begin XCConfigurationList section */
		BD35E73926189DE500AA7796 /* Build configuration list for PBXProject "Sopt28th-KakaoTalk-Clone" */ = {
			isa = XCConfigurationList;
			buildConfigurations = (
				BD35E75026189DE600AA7796 /* Debug */,
				BD35E75126189DE600AA7796 /* Release */,
			);
			defaultConfigurationIsVisible = 0;
			defaultConfigurationName = Release;
		};
		BD35E75226189DE600AA7796 /* Build configuration list for PBXNativeTarget "Sopt28th-iOS-Assignment1" */ = {
			isa = XCConfigurationList;
			buildConfigurations = (
				BD35E75326189DE600AA7796 /* Debug */,
				BD35E75426189DE600AA7796 /* Release */,
			);
			defaultConfigurationIsVisible = 0;
			defaultConfigurationName = Release;
		};
/* End XCConfigurationList section */
	};
	rootObject = BD35E73626189DE500AA7796 /* Project object */;
}
